{
    "name": "clio",
    "version": "0.0.1",
    "lockfileVersion": 3,
    "requires": true,
    "packages": {
        "": {
            "name": "clio",
            "version": "0.0.1",
            "dependencies": {
                "child_process": "latest"
            },
            "devDependencies": {
                "@types/node": "^20.11.5",
                "@types/vscode": "^1.98.0"
            },
            "engines": {
                "vscode": "^1.98.0"
            }
        },
        "node_modules/@types/node": {
            "version": "20.17.28",
            "resolved": "https://registry.npmjs.org/@types/node/-/node-20.17.28.tgz",
            "integrity": "sha512-DHlH/fNL6Mho38jTy7/JT7sn2wnXI+wULR6PV4gy4VHLVvnrV/d3pHAMQHhc4gjdLmK2ZiPoMxzp6B3yRajLSQ==",
            "dev": true,
            "license": "MIT",
            "dependencies": {
                "undici-types": "~6.19.2"
            }
        },
        "node_modules/@types/vscode": {
            "version": "1.98.0",
            "resolved": "https://registry.npmjs.org/@types/vscode/-/vscode-1.98.0.tgz",
            "integrity": "sha512-+KuiWhpbKBaG2egF+51KjbGWatTH5BbmWQjSLMDCssb4xF8FJnW4nGH4nuAdOOfMbpD0QlHtI+C3tPq+DoKElg==",
            "dev": true,
            "license": "MIT"
        },
        "node_modules/child_process": {
            "version": "1.0.2",
            "resolved": "https://registry.npmjs.org/child_process/-/child_process-1.0.2.tgz",
            "integrity": "sha512-Wmza/JzL0SiWz7kl6MhIKT5ceIlnFPJX+lwUGj7Clhy5MMldsSoJR0+uvRzOS5Kv45Mq7t1PoE8TsOA9bzvb6g==",
            "license": "ISC"
        },
        "node_modules/undici-types": {
            "version": "6.19.8",
            "resolved": "https://registry.npmjs.org/undici-types/-/undici-types-6.19.8.tgz",
            "integrity": "sha512-ve2KP6f/JnbPBFyobGHuerC9g1FYGn/F8n1LWTwNxCEzd6IfqTwUQcNXgEtmmQ6DlRrC1hrSrBnCZPokRrDHjw==",
            "dev": true,
            "license": "MIT"
        }
    }
}
